# Code generated by scarb DO NOT EDIT.
version = 1

[[package]]
name = "dojo"
version = "1.0.9"
source = "git+https://github.com/dojoengine/dojo?tag=v1.0.9#04b5f025d998eee19cd21d33bd8a992498a73160"
dependencies = [
 "dojo_plugin",
]

[[package]]
name = "dojo_cairo_test"
version = "1.0.0-rc.0"
source = "git+https://github.com/dojoengine/dojo?tag=v1.0.9#04b5f025d998eee19cd21d33bd8a992498a73160"
dependencies = [
 "dojo",
]

[[package]]
name = "dojo_plugin"
version = "2.8.4"
source = "git+https://github.com/dojoengine/dojo?tag=v1.0.9#04b5f025d998eee19cd21d33bd8a992498a73160"

[[package]]
name = "engine"
version = "1.0.9"
dependencies = [
 "dojo",
 "dojo_cairo_test",
 "openzeppelin_utils",
]

[[package]]
name = "openzeppelin_utils"
version = "0.17.0"
source = "registry+https://scarbs.xyz/"
checksum = "sha256:36d93e353f42fd6b824abcd8b4b51c3f5d02c893c5f886ae81403b0368aa5fde"
